# This is a Gradle generated file for dependency locking.
# Manual edits can break the build and are not advised.
# This file is expected to be part of source control.
antlr:antlr:2.7.7=checkstyle
cglib:cglib-nodep:3.3.0=testRuntimeClasspath
com.auth0:java-jwt:3.19.2=annotationProcessor,compileClasspath,runtimeClasspath,testCompileClasspath,testRuntimeClasspath
com.beust:jcommander:1.72=pmd
com.fasterxml.jackson.core:jackson-annotations:2.13.2=annotationProcessor,compileClasspath,runtimeClasspath,testCompileClasspath,testRuntimeClasspath
com.fasterxml.jackson.core:jackson-core:2.13.2=annotationProcessor,compileClasspath,runtimeClasspath,testCompileClasspath,testRuntimeClasspath
com.fasterxml.jackson.core:jackson-databind:2.13.2=compileClasspath,testCompileClasspath
com.fasterxml.jackson.core:jackson-databind:2.13.2.2=annotationProcessor,runtimeClasspath,testRuntimeClasspath
com.fasterxml.jackson.dataformat:jackson-dataformat-xml:2.13.2=annotationProcessor,compileClasspath,runtimeClasspath,testCompileClasspath,testRuntimeClasspath
com.fasterxml.jackson.datatype:jackson-datatype-jsr310:2.13.2=annotationProcessor,compileClasspath,runtimeClasspath,testCompileClasspath,testRuntimeClasspath
com.fasterxml.jackson:jackson-bom:2.13.2=annotationProcessor,compileClasspath,runtimeClasspath,testCompileClasspath,testRuntimeClasspath
com.fasterxml.woodstox:woodstox-core:6.2.7=annotationProcessor,compileClasspath,runtimeClasspath,testCompileClasspath,testRuntimeClasspath
com.github.spotbugs:spotbugs-annotations:4.0.3=spotbugs
com.github.spotbugs:spotbugs-annotations:4.7.0=annotationProcessor,compileClasspath,runtimeClasspath,testCompileClasspath,testRuntimeClasspath
com.github.spotbugs:spotbugs:4.0.3=spotbugs
com.google.auto.service:auto-service-annotations:1.0.1=annotationProcessor
com.google.auto.service:auto-service:1.0.1=annotationProcessor
com.google.auto:auto-common:1.2=annotationProcessor
com.google.code.findbugs:jsr305:3.0.2=annotationProcessor,checkstyle,compileClasspath,runtimeClasspath,spotbugs,testCompileClasspath,testRuntimeClasspath
com.google.code.gson:gson:2.8.5=pmd
com.google.code.gson:gson:2.9.0=annotationProcessor,compileClasspath,runtimeClasspath,testCompileClasspath,testRuntimeClasspath
com.google.errorprone:error_prone_annotations:2.11.0=annotationProcessor,compileClasspath,runtimeClasspath,testCompileClasspath,testRuntimeClasspath
com.google.errorprone:error_prone_annotations:2.3.4=checkstyle
com.google.guava:failureaccess:1.0.1=annotationProcessor,checkstyle,compileClasspath,runtimeClasspath,testCompileClasspath,testRuntimeClasspath
com.google.guava:guava:28.2-jre=checkstyle
com.google.guava:guava:31.1-jre=annotationProcessor,compileClasspath,runtimeClasspath,testCompileClasspath,testRuntimeClasspath
com.google.guava:listenablefuture:9999.0-empty-to-avoid-conflict-with-guava=annotationProcessor,checkstyle,compileClasspath,runtimeClasspath,testCompileClasspath,testRuntimeClasspath
com.google.j2objc:j2objc-annotations:1.3=annotationProcessor,checkstyle,compileClasspath,runtimeClasspath,testCompileClasspath,testRuntimeClasspath
com.ibm.icu:icu4j:63.1=spotbugs
com.netflix.archaius:archaius-core:0.4.1=compileClasspath,runtimeClasspath,testCompileClasspath,testRuntimeClasspath
com.netflix.hystrix:hystrix-core:1.5.18=compileClasspath,runtimeClasspath,testCompileClasspath,testRuntimeClasspath
com.puppycrawl.tools:checkstyle:8.29=checkstyle
com.squareup:javapoet:1.13.0=annotationProcessor
commons-beanutils:commons-beanutils:1.9.4=annotationProcessor,checkstyle,runtimeClasspath,testRuntimeClasspath
commons-codec:commons-codec:1.11=compileClasspath,runtimeClasspath,testCompileClasspath,testRuntimeClasspath
commons-collections:commons-collections:3.2.2=annotationProcessor,checkstyle,runtimeClasspath,testRuntimeClasspath
commons-configuration:commons-configuration:1.8=compileClasspath,runtimeClasspath,testCompileClasspath,testRuntimeClasspath
commons-io:commons-io:2.6=pmd
commons-lang:commons-lang:2.6=annotationProcessor,compileClasspath,runtimeClasspath,testCompileClasspath,testRuntimeClasspath
commons-logging:commons-logging:1.2=annotationProcessor,compileClasspath,runtimeClasspath,testCompileClasspath,testRuntimeClasspath
info.picocli:picocli:4.1.4=checkstyle
io.opentracing:opentracing-api:0.33.0=annotationProcessor,compileClasspath,runtimeClasspath,testCompileClasspath,testRuntimeClasspath
io.opentracing:opentracing-mock:0.33.0=testCompileClasspath,testRuntimeClasspath
io.opentracing:opentracing-noop:0.33.0=testCompileClasspath,testRuntimeClasspath
io.opentracing:opentracing-util:0.33.0=testCompileClasspath,testRuntimeClasspath
io.reactivex:rxjava:1.2.0=compileClasspath,runtimeClasspath,testCompileClasspath,testRuntimeClasspath
jaxen:jaxen:1.1.6=spotbugs
net.bytebuddy:byte-buddy-agent:1.12.9=testCompileClasspath,testRuntimeClasspath
net.bytebuddy:byte-buddy:1.12.9=testCompileClasspath,testRuntimeClasspath
net.java.dev.javacc:javacc:5.0=pmd
net.jcip:jcip-annotations:1.0=spotbugs
net.sf.saxon:Saxon-HE:9.9.1-2=spotbugs
net.sf.saxon:Saxon-HE:9.9.1-6=checkstyle
net.sourceforge.pmd:pmd-core:6.23.0=pmd
net.sourceforge.pmd:pmd-java:6.23.0=pmd
net.sourceforge.saxon:saxon:9.1.0.8=pmd
org.antlr:antlr4-runtime:4.7=pmd
org.antlr:antlr4-runtime:4.8-1=checkstyle
org.apache.bcel:bcel:6.4.1=spotbugs
org.apache.commons:commons-lang3:3.10=spotbugs
org.apache.commons:commons-lang3:3.11=annotationProcessor,compileClasspath,runtimeClasspath,testCompileClasspath,testRuntimeClasspath
org.apache.commons:commons-lang3:3.8.1=pmd
org.apache.commons:commons-text:1.8=spotbugs
org.apache.commons:commons-text:1.9=annotationProcessor,compileClasspath,runtimeClasspath,testCompileClasspath,testRuntimeClasspath
org.apache.groovy:groovy-bom:4.0.0=testCompileClasspath,testRuntimeClasspath
org.apache.groovy:groovy:4.0.0=testCompileClasspath,testRuntimeClasspath
org.apache.httpcomponents:httpclient:4.5.13=compileClasspath,runtimeClasspath,testCompileClasspath,testRuntimeClasspath
org.apache.httpcomponents:httpcore:4.4.13=compileClasspath,runtimeClasspath,testCompileClasspath,testRuntimeClasspath
org.apiguardian:apiguardian-api:1.1.2=testCompileClasspath
org.assertj:assertj-core:3.20.2=testRuntimeClasspath
org.checkerframework:checker-qual:2.10.0=checkstyle
org.checkerframework:checker-qual:3.12.0=annotationProcessor,compileClasspath,runtimeClasspath,testCompileClasspath,testRuntimeClasspath
org.codehaus.woodstox:stax2-api:4.2.1=annotationProcessor,compileClasspath,runtimeClasspath,testCompileClasspath,testRuntimeClasspath
org.dom4j:dom4j:2.1.1=spotbugs
org.hamcrest:hamcrest:2.2=testCompileClasspath,testRuntimeClasspath
org.hdrhistogram:HdrHistogram:2.1.9=compileClasspath,runtimeClasspath,testCompileClasspath,testRuntimeClasspath
org.jacoco:org.jacoco.agent:0.8.7=jacocoAgent,jacocoAnt
org.jacoco:org.jacoco.ant:0.8.7=jacocoAnt
org.jacoco:org.jacoco.core:0.8.7=jacocoAnt
org.jacoco:org.jacoco.report:0.8.7=jacocoAnt
org.jetbrains:annotations:20.1.0=testRuntimeClasspath
org.junit.jupiter:junit-jupiter-api:5.8.2=testCompileClasspath,testRuntimeClasspath
org.junit.platform:junit-platform-commons:1.8.2=testCompileClasspath,testRuntimeClasspath
org.junit.platform:junit-platform-engine:1.8.2=testCompileClasspath,testRuntimeClasspath
org.junit.platform:junit-platform-launcher:1.8.2=testRuntimeClasspath
org.junit.platform:junit-platform-testkit:1.8.2=testRuntimeClasspath
org.junit:junit-bom:5.8.2=annotationProcessor,runtimeClasspath,testCompileClasspath,testRuntimeClasspath
org.mockito:mockito-core:4.5.1=testCompileClasspath,testRuntimeClasspath
org.mockito:mockito-inline:4.5.1=testCompileClasspath,testRuntimeClasspath
org.objenesis:objenesis:3.2=testRuntimeClasspath
org.opentest4j:opentest4j:1.2.0=testCompileClasspath,testRuntimeClasspath
org.ow2.asm:asm-analysis:8.0.1=spotbugs
org.ow2.asm:asm-analysis:9.1=jacocoAnt
org.ow2.asm:asm-commons:8.0.1=spotbugs
org.ow2.asm:asm-commons:9.1=jacocoAnt
org.ow2.asm:asm-tree:8.0.1=spotbugs
org.ow2.asm:asm-tree:9.1=jacocoAnt
org.ow2.asm:asm-util:8.0.1=spotbugs
org.ow2.asm:asm:7.3.1=pmd
org.ow2.asm:asm:8.0.1=spotbugs
org.ow2.asm:asm:9.1=jacocoAnt
org.ow2.asm:asm:9.2=testRuntimeClasspath
org.projectlombok:lombok:1.18.24=annotationProcessor,compileClasspath,lombok,testAnnotationProcessor,testCompileClasspath
org.slf4j:slf4j-api:1.7.30=compileClasspath,runtimeClasspath,testCompileClasspath,testRuntimeClasspath
org.slf4j:slf4j-api:1.8.0-beta4=spotbugs,spotbugsSlf4j
org.slf4j:slf4j-simple:1.7.30=testCompileClasspath,testRuntimeClasspath
org.slf4j:slf4j-simple:1.8.0-beta4=spotbugsSlf4j
org.spockframework:spock-core:2.2-M1-groovy-4.0=testCompileClasspath,testRuntimeClasspath
org.yaml:snakeyaml:1.30=annotationProcessor,compileClasspath,runtimeClasspath,testCompileClasspath,testRuntimeClasspath
empty=spotbugsPlugins
