# This is a Gradle generated file for dependency locking.
# Manual edits can break the build and are not advised.
# This file is expected to be part of source control.
antlr:antlr:2.7.7=checkstyle
com.auth0:java-jwt:4.0.0=compileClasspath,runtimeClasspath,testCompileClasspath,testRuntimeClasspath
com.beust:jcommander:1.48=pmd
com.diffplug.spotless:spotless-eclipse-base:3.1.1=spotless1166728955
com.diffplug.spotless:spotless-eclipse-base:3.4.2=spotless-1452293708
com.diffplug.spotless:spotless-eclipse-base:3.5.2=spotless-1429330901,spotless-641085672
com.diffplug.spotless:spotless-eclipse-groovy:3.2.0=spotless1166728955
com.diffplug.spotless:spotless-eclipse-groovy:4.1.0=spotless-1452293708
com.diffplug.spotless:spotless-eclipse-groovy:4.3.0=spotless-1429330901
com.diffplug.spotless:spotless-eclipse-jdt:4.8.1=spotless-641085672
com.fasterxml.jackson.core:jackson-annotations:2.13.2=runtimeClasspath,testRuntimeClasspath
com.fasterxml.jackson.core:jackson-core:2.13.2=runtimeClasspath,testRuntimeClasspath
com.fasterxml.jackson.core:jackson-databind:2.13.2.2=runtimeClasspath,testRuntimeClasspath
com.fasterxml.jackson:jackson-bom:2.13.2=runtimeClasspath,testRuntimeClasspath
com.github.spotbugs:spotbugs-annotations:4.0.2=spotless-1429330901,spotless-1452293708,spotless-641085672
com.github.spotbugs:spotbugs-annotations:4.4.2=spotbugs
com.github.spotbugs:spotbugs:4.4.2=spotbugs
com.google.code.findbugs:annotations:3.0.0=spotless1166728955
com.google.code.findbugs:jsr305:3.0.0=spotless1166728955
com.google.code.findbugs:jsr305:3.0.2=checkstyle,spotbugs,spotless-1429330901,spotless-1452293708,spotless-641085672,spotless865455342
com.google.code.gson:gson:2.8.5=pmd
com.google.code.gson:gson:2.8.8=spotbugs
com.google.errorprone:error_prone_annotations:2.3.4=checkstyle
com.google.errorprone:error_prone_annotations:2.7.1=spotless865455342
com.google.googlejavaformat:google-java-format:1.15.0=spotless865455342
com.google.guava:failureaccess:1.0.1=checkstyle,spotless865455342
com.google.guava:guava:28.2-jre=checkstyle
com.google.guava:guava:31.0.1-jre=spotless865455342
com.google.guava:listenablefuture:9999.0-empty-to-avoid-conflict-with-guava=checkstyle,spotless865455342
com.google.j2objc:j2objc-annotations:1.3=checkstyle,spotless865455342
com.puppycrawl.tools:checkstyle:8.29=checkstyle
commons-beanutils:commons-beanutils:1.9.4=checkstyle
commons-collections:commons-collections:3.2.2=checkstyle
commons-io:commons-io:2.6=pmd
info.picocli:picocli:4.1.4=checkstyle
jaxen:jaxen:1.2.0=spotbugs
net.bytebuddy:byte-buddy-agent:1.12.14=testCompileClasspath,testRuntimeClasspath
net.bytebuddy:byte-buddy:1.12.14=testCompileClasspath,testRuntimeClasspath
net.jcip:jcip-annotations:1.0=spotbugs,spotless-1429330901,spotless-1452293708,spotless-641085672
net.sf.saxon:Saxon-HE:10.6=spotbugs
net.sf.saxon:Saxon-HE:9.9.1-6=checkstyle
net.sourceforge.pmd:pmd-core:6.34.0=pmd
net.sourceforge.pmd:pmd-java:6.34.0=pmd
net.sourceforge.saxon:saxon:9.1.0.8=pmd
org.antlr:antlr4-runtime:4.7.2=pmd
org.antlr:antlr4-runtime:4.8-1=checkstyle
org.apache.bcel:bcel:6.5.0=spotbugs
org.apache.commons:commons-lang3:3.12.0=spotbugs
org.apache.commons:commons-lang3:3.8.1=pmd
org.apache.commons:commons-text:1.9=spotbugs
org.apache.groovy:groovy-bom:4.0.4=testCompileClasspath,testRuntimeClasspath
org.apache.groovy:groovy:4.0.4=testCompileClasspath,testRuntimeClasspath
org.apiguardian:apiguardian-api:1.1.2=testCompileClasspath
org.checkerframework:checker-qual:2.10.0=checkstyle
org.checkerframework:checker-qual:3.12.0=spotless865455342
org.dom4j:dom4j:2.1.3=spotbugs
org.eclipse.jdt:org.eclipse.jdt.core:3.27.0=spotless-641085672
org.eclipse.platform:org.eclipse.core.commands:3.10.100=spotless-1429330901,spotless-641085672
org.eclipse.platform:org.eclipse.core.commands:3.9.300=spotless1166728955
org.eclipse.platform:org.eclipse.core.commands:3.9.800=spotless-1452293708
org.eclipse.platform:org.eclipse.core.contenttype:3.7.300=spotless1166728955
org.eclipse.platform:org.eclipse.core.contenttype:3.7.900=spotless-1452293708
org.eclipse.platform:org.eclipse.core.contenttype:3.8.0=spotless-1429330901,spotless-641085672
org.eclipse.platform:org.eclipse.core.filesystem:1.9.100=spotless-1429330901,spotless-641085672
org.eclipse.platform:org.eclipse.core.jobs:3.10.1100=spotless-1452293708
org.eclipse.platform:org.eclipse.core.jobs:3.10.300=spotless1166728955
org.eclipse.platform:org.eclipse.core.jobs:3.12.0=spotless-1429330901,spotless-641085672
org.eclipse.platform:org.eclipse.core.resources:3.13.300=spotless1166728955
org.eclipse.platform:org.eclipse.core.resources:3.14.0=spotless-1452293708
org.eclipse.platform:org.eclipse.core.resources:3.15.100=spotless-1429330901,spotless-641085672
org.eclipse.platform:org.eclipse.core.runtime:3.15.200=spotless1166728955
org.eclipse.platform:org.eclipse.core.runtime:3.20.100=spotless-1452293708
org.eclipse.platform:org.eclipse.core.runtime:3.23.0=spotless-1429330901,spotless-641085672
org.eclipse.platform:org.eclipse.equinox.app:1.4.100=spotless1166728955
org.eclipse.platform:org.eclipse.equinox.app:1.5.100=spotless-1452293708
org.eclipse.platform:org.eclipse.equinox.app:1.6.0=spotless-1429330901,spotless-641085672
org.eclipse.platform:org.eclipse.equinox.common:3.10.300=spotless1166728955
org.eclipse.platform:org.eclipse.equinox.common:3.14.100=spotless-1452293708
org.eclipse.platform:org.eclipse.equinox.common:3.15.0=spotless-1429330901,spotless-641085672
org.eclipse.platform:org.eclipse.equinox.preferences:3.7.300=spotless1166728955
org.eclipse.platform:org.eclipse.equinox.preferences:3.8.200=spotless-1452293708
org.eclipse.platform:org.eclipse.equinox.preferences:3.9.0=spotless-1429330901,spotless-641085672
org.eclipse.platform:org.eclipse.equinox.registry:3.10.100=spotless-1452293708
org.eclipse.platform:org.eclipse.equinox.registry:3.11.0=spotless-1429330901,spotless-641085672
org.eclipse.platform:org.eclipse.equinox.registry:3.8.300=spotless1166728955
org.eclipse.platform:org.eclipse.jface.text:3.15.100=spotless1166728955
org.eclipse.platform:org.eclipse.jface.text:3.17.0=spotless-1452293708
org.eclipse.platform:org.eclipse.jface.text:3.18.100=spotless-1429330901
org.eclipse.platform:org.eclipse.jface:3.15.100=spotless1166728955
org.eclipse.platform:org.eclipse.jface:3.22.100=spotless-1452293708
org.eclipse.platform:org.eclipse.jface:3.23.0=spotless-1429330901
org.eclipse.platform:org.eclipse.osgi:3.13.300=spotless1166728955
org.eclipse.platform:org.eclipse.osgi:3.16.200=spotless-1452293708
org.eclipse.platform:org.eclipse.osgi:3.17.0=spotless-1429330901,spotless-641085672
org.eclipse.platform:org.eclipse.text:3.11.0=spotless-1452293708
org.eclipse.platform:org.eclipse.text:3.12.0=spotless-1429330901,spotless-641085672
org.eclipse.platform:org.eclipse.text:3.8.100=spotless1166728955
org.hamcrest:hamcrest:2.2=testCompileClasspath,testRuntimeClasspath
org.jacoco:org.jacoco.agent:0.8.7=jacocoAgent,jacocoAnt
org.jacoco:org.jacoco.ant:0.8.7=jacocoAnt
org.jacoco:org.jacoco.core:0.8.7=jacocoAnt
org.jacoco:org.jacoco.report:0.8.7=jacocoAnt
org.junit.jupiter:junit-jupiter-api:5.9.1=testCompileClasspath,testRuntimeClasspath
org.junit.platform:junit-platform-commons:1.9.1=testCompileClasspath,testRuntimeClasspath
org.junit.platform:junit-platform-engine:1.9.1=testCompileClasspath,testRuntimeClasspath
org.junit:junit-bom:5.8.1=spotbugs
org.junit:junit-bom:5.9.1=testCompileClasspath,testRuntimeClasspath
org.mockito:mockito-core:4.8.0=testCompileClasspath,testRuntimeClasspath
org.mockito:mockito-inline:4.8.0=testCompileClasspath,testRuntimeClasspath
org.objenesis:objenesis:3.2=testRuntimeClasspath
org.opentest4j:opentest4j:1.2.0=testCompileClasspath,testRuntimeClasspath
org.ow2.asm:asm-analysis:9.1=jacocoAnt
org.ow2.asm:asm-analysis:9.2=spotbugs
org.ow2.asm:asm-commons:9.1=jacocoAnt
org.ow2.asm:asm-commons:9.2=spotbugs
org.ow2.asm:asm-tree:9.1=jacocoAnt
org.ow2.asm:asm-tree:9.2=spotbugs
org.ow2.asm:asm-util:9.2=spotbugs
org.ow2.asm:asm:9.1=jacocoAnt,pmd
org.ow2.asm:asm:9.2=spotbugs
org.projectlombok:lombok:1.18.24=annotationProcessor,compileClasspath,lombok,testAnnotationProcessor,testCompileClasspath
org.slf4j:slf4j-api:1.8.0-beta4=spotbugs,spotbugsSlf4j
org.slf4j:slf4j-simple:1.8.0-beta4=spotbugsSlf4j
org.spockframework:spock-core:2.2-groovy-4.0=testCompileClasspath,testRuntimeClasspath
empty=spotbugsPlugins
